// !$*UTF8*$!
{
	archiveVersion = 1;
	classes = {
	};
	objectVersion = 50;
	objects = {

/* Begin PBXBuildFile section */
		5774F40C20DAC8B500B194DF /* AppDelegate.swift in Sources */ = {isa = PBXBuildFile; fileRef = 5774F40B20DAC8B500B194DF /* AppDelegate.swift */; };
		5774F40E20DAC8B500B194DF /* ViewController.swift in Sources */ = {isa = PBXBuildFile; fileRef = 5774F40D20DAC8B500B194DF /* ViewController.swift */; };
		5774F41120DAC8B500B194DF /* Main.storyboard in Resources */ = {isa = PBXBuildFile; fileRef = 5774F40F20DAC8B500B194DF /* Main.storyboard */; };
		5774F41320DAC8B700B194DF /* Assets.xcassets in Resources */ = {isa = PBXBuildFile; fileRef = 5774F41220DAC8B700B194DF /* Assets.xcassets */; };
		5774F41620DAC8B700B194DF /* LaunchScreen.storyboard in Resources */ = {isa = PBXBuildFile; fileRef = 5774F41420DAC8B700B194DF /* LaunchScreen.storyboard */; };
		5774F42120DAC8B700B194DF /* projetoCapilArtTests.swift in Sources */ = {isa = PBXBuildFile; fileRef = 5774F42020DAC8B700B194DF /* projetoCapilArtTests.swift */; };
		5774F42C20DAC8B700B194DF /* projetoCapilArtUITests.swift in Sources */ = {isa = PBXBuildFile; fileRef = 5774F42B20DAC8B700B194DF /* projetoCapilArtUITests.swift */; };
/* End PBXBuildFile section */

/* Begin PBXContainerItemProxy section */
		5774F41D20DAC8B700B194DF /* PBXContainerItemProxy */ = {
			isa = PBXContainerItemProxy;
			containerPortal = 5774F40020DAC8B500B194DF /* Project object */;
			proxyType = 1;
			remoteGlobalIDString = 5774F40720DAC8B500B194DF;
			remoteInfo = projetoCapilArt;
		};
		5774F42820DAC8B700B194DF /* PBXContainerItemProxy */ = {
			isa = PBXContainerItemProxy;
			containerPortal = 5774F40020DAC8B500B194DF /* Project object */;
			proxyType = 1;
			remoteGlobalIDString = 5774F40720DAC8B500B194DF;
			remoteInfo = projetoCapilArt;
		};
/* End PBXContainerItemProxy section */

/* Begin PBXFileReference section */
		5774F40820DAC8B500B194DF /* projetoCapilArt.app */ = {isa = PBXFileReference; explicitFileType = wrapper.application; includeInIndex = 0; path = projetoCapilArt.app; sourceTree = BUILT_PRODUCTS_DIR; };
		5774F40B20DAC8B500B194DF /* AppDelegate.swift */ = {isa = PBXFileReference; lastKnownFileType = sourcecode.swift; path = AppDelegate.swift; sourceTree = "<group>"; };
		5774F40D20DAC8B500B194DF /* ViewController.swift */ = {isa = PBXFileReference; lastKnownFileType = sourcecode.swift; path = ViewController.swift; sourceTree = "<group>"; };
		5774F41020DAC8B500B194DF /* Base */ = {isa = PBXFileReference; lastKnownFileType = file.storyboard; name = Base; path = Base.lproj/Main.storyboard; sourceTree = "<group>"; };
		5774F41220DAC8B700B194DF /* Assets.xcassets */ = {isa = PBXFileReference; lastKnownFileType = folder.assetcatalog; path = Assets.xcassets; sourceTree = "<group>"; };
		5774F41520DAC8B700B194DF /* Base */ = {isa = PBXFileReference; lastKnownFileType = file.storyboard; name = Base; path = Base.lproj/LaunchScreen.storyboard; sourceTree = "<group>"; };
		5774F41720DAC8B700B194DF /* Info.plist */ = {isa = PBXFileReference; lastKnownFileType = text.plist.xml; path = Info.plist; sourceTree = "<group>"; };
		5774F41C20DAC8B700B194DF /* projetoCapilArtTests.xctest */ = {isa = PBXFileReference; explicitFileType = wrapper.cfbundle; includeInIndex = 0; path = projetoCapilArtTests.xctest; sourceTree = BUILT_PRODUCTS_DIR; };
		5774F42020DAC8B700B194DF /* projetoCapilArtTests.swift */ = {isa = PBXFileReference; lastKnownFileType = sourcecode.swift; path = projetoCapilArtTests.swift; sourceTree = "<group>"; };
		5774F42220DAC8B700B194DF /* Info.plist */ = {isa = PBXFileReference; lastKnownFileType = text.plist.xml; path = Info.plist; sourceTree = "<group>"; };
		5774F42720DAC8B700B194DF /* projetoCapilArtUITests.xctest */ = {isa = PBXFileReference; explicitFileType = wrapper.cfbundle; includeInIndex = 0; path = projetoCapilArtUITests.xctest; sourceTree = BUILT_PRODUCTS_DIR; };
		5774F42B20DAC8B700B194DF /* projetoCapilArtUITests.swift */ = {isa = PBXFileReference; lastKnownFileType = sourcecode.swift; path = projetoCapilArtUITests.swift; sourceTree = "<group>"; };
		5774F42D20DAC8B700B194DF /* Info.plist */ = {isa = PBXFileReference; lastKnownFileType = text.plist.xml; path = Info.plist; sourceTree = "<group>"; };
/* End PBXFileReference section */

/* Begin PBXFrameworksBuildPhase section */
		5774F40520DAC8B500B194DF /* Frameworks */ = {
			isa = PBXFrameworksBuildPhase;
			buildActionMask = 2147483647;
			files = (
			);
			runOnlyForDeploymentPostprocessing = 0;
		};
		5774F41920DAC8B700B194DF /* Frameworks */ = {
			isa = PBXFrameworksBuildPhase;
			buildActionMask = 2147483647;
			files = (
			);
			runOnlyForDeploymentPostprocessing = 0;
		};
		5774F42420DAC8B700B194DF /* Frameworks */ = {
			isa = PBXFrameworksBuildPhase;
			buildActionMask = 2147483647;
			files = (
			);
			runOnlyForDeploymentPostprocessing = 0;
		};
/* End PBXFrameworksBuildPhase section */

/* Begin PBXGroup section */
		5774F3FF20DAC8B500B194DF = {
			isa = PBXGroup;
			children = (
				5774F40A20DAC8B500B194DF /* projetoCapilArt */,
				5774F41F20DAC8B700B194DF /* projetoCapilArtTests */,
				5774F42A20DAC8B700B194DF /* projetoCapilArtUITests */,
				5774F40920DAC8B500B194DF /* Products */,
			);
			sourceTree = "<group>";
		};
		5774F40920DAC8B500B194DF /* Products */ = {
			isa = PBXGroup;
			children = (
				5774F40820DAC8B500B194DF /* projetoCapilArt.app */,
				5774F41C20DAC8B700B194DF /* projetoCapilArtTests.xctest */,
				5774F42720DAC8B700B194DF /* projetoCapilArtUITests.xctest */,
			);
			name = Products;
			sourceTree = "<group>";
		};
		5774F40A20DAC8B500B194DF /* projetoCapilArt */ = {
			isa = PBXGroup;
			children = (
				5774F40B20DAC8B500B194DF /* AppDelegate.swift */,
				5774F40D20DAC8B500B194DF /* ViewController.swift */,
				5774F40F20DAC8B500B194DF /* Main.storyboard */,
				5774F41220DAC8B700B194DF /* Assets.xcassets */,
				5774F41420DAC8B700B194DF /* LaunchScreen.storyboard */,
				5774F41720DAC8B700B194DF /* Info.plist */,
			);
			path = projetoCapilArt;
			sourceTree = "<group>";
		};
		5774F41F20DAC8B700B194DF /* projetoCapilArtTests */ = {
			isa = PBXGroup;
			children = (
				5774F42020DAC8B700B194DF /* projetoCapilArtTests.swift */,
				5774F42220DAC8B700B194DF /* Info.plist */,
			);
			path = projetoCapilArtTests;
			sourceTree = "<group>";
		};
		5774F42A20DAC8B700B194DF /* projetoCapilArtUITests */ = {
			isa = PBXGroup;
			children = (
				5774F42B20DAC8B700B194DF /* projetoCapilArtUITests.swift */,
				5774F42D20DAC8B700B194DF /* Info.plist */,
			);
			path = projetoCapilArtUITests;
			sourceTree = "<group>";
		};
/* End PBXGroup section */

/* Begin PBXNativeTarget section */
		5774F40720DAC8B500B194DF /* projetoCapilArt */ = {
			isa = PBXNativeTarget;
			buildConfigurationList = 5774F43020DAC8B700B194DF /* Build configuration list for PBXNativeTarget "projetoCapilArt" */;
			buildPhases = (
				5774F40420DAC8B500B194DF /* Sources */,
				5774F40520DAC8B500B194DF /* Frameworks */,
				5774F40620DAC8B500B194DF /* Resources */,
			);
			buildRules = (
			);
			dependencies = (
			);
			name = projetoCapilArt;
			productName = projetoCapilArt;
			productReference = 5774F40820DAC8B500B194DF /* projetoCapilArt.app */;
			productType = "com.apple.product-type.application";
		};
		5774F41B20DAC8B700B194DF /* projetoCapilArtTests */ = {
			isa = PBXNativeTarget;
			buildConfigurationList = 5774F43320DAC8B700B194DF /* Build configuration list for PBXNativeTarget "projetoCapilArtTests" */;
			buildPhases = (
				5774F41820DAC8B700B194DF /* Sources */,
				5774F41920DAC8B700B194DF /* Frameworks */,
				5774F41A20DAC8B700B194DF /* Resources */,
			);
			buildRules = (
			);
			dependencies = (
				5774F41E20DAC8B700B194DF /* PBXTargetDependency */,
			);
			name = projetoCapilArtTests;
			productName = projetoCapilArtTests;
			productReference = 5774F41C20DAC8B700B194DF /* projetoCapilArtTests.xctest */;
			productType = "com.apple.product-type.bundle.unit-test";
		};
		5774F42620DAC8B700B194DF /* projetoCapilArtUITests */ = {
			isa = PBXNativeTarget;
			buildConfigurationList = 5774F43620DAC8B700B194DF /* Build configuration list for PBXNativeTarget "projetoCapilArtUITests" */;
			buildPhases = (
				5774F42320DAC8B700B194DF /* Sources */,
				5774F42420DAC8B700B194DF /* Frameworks */,
				5774F42520DAC8B700B194DF /* Resources */,
			);
			buildRules = (
			);
			dependencies = (
				5774F42920DAC8B700B194DF /* PBXTargetDependency */,
			);
			name = projetoCapilArtUITests;
			productName = projetoCapilArtUITests;
			productReference = 5774F42720DAC8B700B194DF /* projetoCapilArtUITests.xctest */;
			productType = "com.apple.product-type.bundle.ui-testing";
		};
/* End PBXNativeTarget section */

/* Begin PBXProject section */
		5774F40020DAC8B500B194DF /* Project object */ = {
			isa = PBXProject;
			attributes = {
				LastSwiftUpdateCheck = 0930;
				LastUpgradeCheck = 0930;
				ORGANIZATIONNAME = aluno;
				TargetAttributes = {
					5774F40720DAC8B500B194DF = {
						CreatedOnToolsVersion = 9.3.1;
					};
					5774F41B20DAC8B700B194DF = {
						CreatedOnToolsVersion = 9.3.1;
						TestTargetID = 5774F40720DAC8B500B194DF;
					};
					5774F42620DAC8B700B194DF = {
						CreatedOnToolsVersion = 9.3.1;
						TestTargetID = 5774F40720DAC8B500B194DF;
					};
				};
			};
			buildConfigurationList = 5774F40320DAC8B500B194DF /* Build configuration list for PBXProject "projetoCapilArt" */;
			compatibilityVersion = "Xcode 9.3";
			developmentRegion = en;
			hasScannedForEncodings = 0;
			knownRegions = (
				en,
				Base,
			);
			mainGroup = 5774F3FF20DAC8B500B194DF;
			productRefGroup = 5774F40920DAC8B500B194DF /* Products */;
			projectDirPath = "";
			projectRoot = "";
			targets = (
				5774F40720DAC8B500B194DF /* projetoCapilArt */,
				5774F41B20DAC8B700B194DF /* projetoCapilArtTests */,
				5774F42620DAC8B700B194DF /* projetoCapilArtUITests */,
			);
		};
/* End PBXProject section */

/* Begin PBXResourcesBuildPhase section */
		5774F40620DAC8B500B194DF /* Resources */ = {
			isa = PBXResourcesBuildPhase;
			buildActionMask = 2147483647;
			files = (
				5774F41620DAC8B700B194DF /* LaunchScreen.storyboard in Resources */,
				5774F41320DAC8B700B194DF /* Assets.xcassets in Resources */,
				5774F41120DAC8B500B194DF /* Main.storyboard in Resources */,
			);
			runOnlyForDeploymentPostprocessing = 0;
		};
		5774F41A20DAC8B700B194DF /* Resources */ = {
			isa = PBXResourcesBuildPhase;
			buildActionMask = 2147483647;
			files = (
			);
			runOnlyForDeploymentPostprocessing = 0;
		};
		5774F42520DAC8B700B194DF /* Resources */ = {
			isa = PBXResourcesBuildPhase;
			buildActionMask = 2147483647;
			files = (
			);
			runOnlyForDeploymentPostprocessing = 0;
		};
/* End PBXResourcesBuildPhase section */

/* Begin PBXSourcesBuildPhase section */
		5774F40420DAC8B500B194DF /* Sources */ = {
			isa = PBXSourcesBuildPhase;
			buildActionMask = 2147483647;
			files = (
				5774F40E20DAC8B500B194DF /* ViewController.swift in Sources */,
				5774F40C20DAC8B500B194DF /* AppDelegate.swift in Sources */,
			);
			runOnlyForDeploymentPostprocessing = 0;
		};
		5774F41820DAC8B700B194DF /* Sources */ = {
			isa = PBXSourcesBuildPhase;
			buildActionMask = 2147483647;
			files = (
				5774F42120DAC8B700B194DF /* projetoCapilArtTests.swift in Sources */,
			);
			runOnlyForDeploymentPostprocessing = 0;
		};
		5774F42320DAC8B700B194DF /* Sources */ = {
			isa = PBXSourcesBuildPhase;
			buildActionMask = 2147483647;
			files = (
				5774F42C20DAC8B700B194DF /* projetoCapilArtUITests.swift in Sources */,
			);
			runOnlyForDeploymentPostprocessing = 0;
		};
/* End PBXSourcesBuildPhase section */

/* Begin PBXTargetDependency section */
		5774F41E20DAC8B700B194DF /* PBXTargetDependency */ = {
			isa = PBXTargetDependency;
			target = 5774F40720DAC8B500B194DF /* projetoCapilArt */;
			targetProxy = 5774F41D20DAC8B700B194DF /* PBXContainerItemProxy */;
		};
		5774F42920DAC8B700B194DF /* PBXTargetDependency */ = {
			isa = PBXTargetDependency;
			target = 5774F40720DAC8B500B194DF /* projetoCapilArt */;
			targetProxy = 5774F42820DAC8B700B194DF /* PBXContainerItemProxy */;
		};
/* End PBXTargetDependency section */

/* Begin PBXVariantGroup section */
		5774F40F20DAC8B500B194DF /* Main.storyboard */ = {
			isa = PBXVariantGroup;
			children = (
				5774F41020DAC8B500B194DF /* Base */,
			);
			name = Main.storyboard;
			sourceTree = "<group>";
		};
		5774F41420DAC8B700B194DF /* LaunchScreen.storyboard */ = {
			isa = PBXVariantGroup;
			children = (
				5774F41520DAC8B700B194DF /* Base */,
			);
			name = LaunchScreen.storyboard;
			sourceTree = "<group>";
		};
/* End PBXVariantGroup section */

/* Begin XCBuildConfiguration section */
		5774F42E20DAC8B700B194DF /* Debug */ = {
			isa = XCBuildConfiguration;
			buildSettings = {
				ALWAYS_SEARCH_USER_PATHS = NO;
				CLANG_ANALYZER_NONNULL = YES;
				CLANG_ANALYZER_NUMBER_OBJECT_CONVERSION = YES_AGGRESSIVE;
				CLANG_CXX_LANGUAGE_STANDARD = "gnu++14";
				CLANG_CXX_LIBRARY = "libc++";
				CLANG_ENABLE_MODULES = YES;
				CLANG_ENABLE_OBJC_ARC = YES;
				CLANG_ENABLE_OBJC_WEAK = YES;
				CLANG_WARN_BLOCK_CAPTURE_AUTORELEASING = YES;
				CLANG_WARN_BOOL_CONVERSION = YES;
				CLANG_WARN_COMMA = YES;
				CLANG_WARN_CONSTANT_CONVERSION = YES;
				CLANG_WARN_DEPRECATED_OBJC_IMPLEMENTATIONS = YES;
				CLANG_WARN_DIRECT_OBJC_ISA_USAGE = YES_ERROR;
				CLANG_WARN_DOCUMENTATION_COMMENTS = YES;
				CLANG_WARN_EMPTY_BODY = YES;
				CLANG_WARN_ENUM_CONVERSION = YES;
				CLANG_WARN_INFINITE_RECURSION = YES;
				CLANG_WARN_INT_CONVERSION = YES;
				CLANG_WARN_NON_LITERAL_NULL_CONVERSION = YES;
				CLANG_WARN_OBJC_IMPLICIT_RETAIN_SELF = YES;
				CLANG_WARN_OBJC_LITERAL_CONVERSION = YES;
				CLANG_WARN_OBJC_ROOT_CLASS = YES_ERROR;
				CLANG_WARN_RANGE_LOOP_ANALYSIS = YES;
				CLANG_WARN_STRICT_PROTOTYPES = YES;
				CLANG_WARN_SUSPICIOUS_MOVE = YES;
				CLANG_WARN_UNGUARDED_AVAILABILITY = YES_AGGRESSIVE;
				CLANG_WARN_UNREACHABLE_CODE = YES;
				CLANG_WARN__DUPLICATE_METHOD_MATCH = YES;
				CODE_SIGN_IDENTITY = "iPhone Developer";
				COPY_PHASE_STRIP = NO;
				DEBUG_INFORMATION_FORMAT = dwarf;
				ENABLE_STRICT_OBJC_MSGSEND = YES;
				ENABLE_TESTABILITY = YES;
				GCC_C_LANGUAGE_STANDARD = gnu11;
				GCC_DYNAMIC_NO_PIC = NO;
				GCC_NO_COMMON_BLOCKS = YES;
				GCC_OPTIMIZATION_LEVEL = 0;
				GCC_PREPROCESSOR_DEFINITIONS = (
					"DEBUG=1",
					"$(inherited)",
				);
				GCC_WARN_64_TO_32_BIT_CONVERSION = YES;
				GCC_WARN_ABOUT_RETURN_TYPE = YES_ERROR;
				GCC_WARN_UNDECLARED_SELECTOR = YES;
				GCC_WARN_UNINITIALIZED_AUTOS = YES_AGGRESSIVE;
				GCC_WARN_UNUSED_FUNCTION = YES;
				GCC_WARN_UNUSED_VARIABLE = YES;
				IPHONEOS_DEPLOYMENT_TARGET = 11.3;
				MTL_ENABLE_DEBUG_INFO = YES;
				ONLY_ACTIVE_ARCH = YES;
				SDKROOT = iphoneos;
				SWIFT_ACTIVE_COMPILATION_CONDITIONS = DEBUG;
				SWIFT_OPTIMIZATION_LEVEL = "-Onone";
			};
			name = Debug;
		};
		5774F42F20DAC8B700B194DF /* Release */ = {
			isa = XCBuildConfiguration;
			buildSettings = {
				ALWAYS_SEARCH_USER_PATHS = NO;
				CLANG_ANALYZER_NONNULL = YES;
				CLANG_ANALYZER_NUMBER_OBJECT_CONVERSION = YES_AGGRESSIVE;
				CLANG_CXX_LANGUAGE_STANDARD = "gnu++14";
				CLANG_CXX_LIBRARY = "libc++";
				CLANG_ENABLE_MODULES = YES;
				CLANG_ENABLE_OBJC_ARC = YES;
				CLANG_ENABLE_OBJC_WEAK = YES;
				CLANG_WARN_BLOCK_CAPTURE_AUTORELEASING = YES;
				CLANG_WARN_BOOL_CONVERSION = YES;
				CLANG_WARN_COMMA = YES;
				CLANG_WARN_CONSTANT_CONVERSION = YES;
				CLANG_WARN_DEPRECATED_OBJC_IMPLEMENTATIONS = YES;
				CLANG_WARN_DIRECT_OBJC_ISA_USAGE = YES_ERROR;
				CLANG_WARN_DOCUMENTATION_COMMENTS = YES;
				CLANG_WARN_EMPTY_BODY = YES;
				CLANG_WARN_ENUM_CONVERSION = YES;
				CLANG_WARN_INFINITE_RECURSION = YES;
				CLANG_WARN_INT_CONVERSION = YES;
				CLANG_WARN_NON_LITERAL_NULL_CONVERSION = YES;
				CLANG_WARN_OBJC_IMPLICIT_RETAIN_SELF = YES;
				CLANG_WARN_OBJC_LITERAL_CONVERSION = YES;
				CLANG_WARN_OBJC_ROOT_CLASS = YES_ERROR;
				CLANG_WARN_RANGE_LOOP_ANALYSIS = YES;
				CLANG_WARN_STRICT_PROTOTYPES = YES;
				CLANG_WARN_SUSPICIOUS_MOVE = YES;
				CLANG_WARN_UNGUARDED_AVAILABILITY = YES_AGGRESSIVE;
				CLANG_WARN_UNREACHABLE_CODE = YES;
				CLANG_WARN__DUPLICATE_METHOD_MATCH = YES;
				CODE_SIGN_IDENTITY = "iPhone Developer";
				COPY_PHASE_STRIP = NO;
				DEBUG_INFORMATION_FORMAT = "dwarf-with-dsym";
				ENABLE_NS_ASSERTIONS = NO;
				ENABLE_STRICT_OBJC_MSGSEND = YES;
				GCC_C_LANGUAGE_STANDARD = gnu11;
				GCC_NO_COMMON_BLOCKS = YES;
				GCC_WARN_64_TO_32_BIT_CONVERSION = YES;
				GCC_WARN_ABOUT_RETURN_TYPE = YES_ERROR;
				GCC_WARN_UNDECLARED_SELECTOR = YES;
				GCC_WARN_UNINITIALIZED_AUTOS = YES_AGGRESSIVE;
				GCC_WARN_UNUSED_FUNCTION = YES;
				GCC_WARN_UNUSED_VARIABLE = YES;
				IPHONEOS_DEPLOYMENT_TARGET = 11.3;
				MTL_ENABLE_DEBUG_INFO = NO;
				SDKROOT = iphoneos;
				SWIFT_COMPILATION_MODE = wholemodule;
				SWIFT_OPTIMIZATION_LEVEL = "-O";
				VALIDATE_PRODUCT = YES;
			};
			name = Release;
		};
		5774F43120DAC8B700B194DF /* Debug */ = {
			isa = XCBuildConfiguration;
			buildSettings = {
				ASSETCATALOG_COMPILER_APPICON_NAME = AppIcon;
				CODE_SIGN_STYLE = Automatic;
				INFOPLIST_FILE = projetoCapilArt/Info.plist;
				LD_RUNPATH_SEARCH_PATHS = (
					"$(inherited)",
					"@executable_path/Frameworks",
				);
				PRODUCT_BUNDLE_IDENTIFIER = smd.projetoCapilArt;
				PRODUCT_NAME = "$(TARGET_NAME)";
				SWIFT_VERSION = 4.0;
				TARGETED_DEVICE_FAMILY = "1,2";
			};
			name = Debug;
		};
		5774F43220DAC8B700B194DF /* Release */ = {
			isa = XCBuildConfiguration;
			buildSettings = {
				ASSETCATALOG_COMPILER_APPICON_NAME = AppIcon;
				CODE_SIGN_STYLE = Automatic;
				INFOPLIST_FILE = projetoCapilArt/Info.plist;
				LD_RUNPATH_SEARCH_PATHS = (
					"$(inherited)",
					"@executable_path/Frameworks",
				);
				PRODUCT_BUNDLE_IDENTIFIER = smd.projetoCapilArt;
				PRODUCT_NAME = "$(TARGET_NAME)";
				SWIFT_VERSION = 4.0;
				TARGETED_DEVICE_FAMILY = "1,2";
			};
			name = Release;
		};
		5774F43420DAC8B700B194DF /* Debug */ = {
			isa = XCBuildConfiguration;
			buildSettings = {
				ALWAYS_EMBED_SWIFT_STANDARD_LIBRARIES = YES;
				BUNDLE_LOADER = "$(TEST_HOST)";
				CODE_SIGN_STYLE = Automatic;
				INFOPLIST_FILE = projetoCapilArtTests/Info.plist;
				LD_RUNPATH_SEARCH_PATHS = (
					"$(inherited)",
					"@executable_path/Frameworks",
					"@loader_path/Frameworks",
				);
				PRODUCT_BUNDLE_IDENTIFIER = smd.projetoCapilArtTests;
				PRODUCT_NAME = "$(TARGET_NAME)";
				SWIFT_VERSION = 4.0;
				TARGETED_DEVICE_FAMILY = "1,2";
				TEST_HOST = "$(BUILT_PRODUCTS_DIR)/projetoCapilArt.app/projetoCapilArt";
			};
			name = Debug;
		};
		5774F43520DAC8B700B194DF /* Release */ = {
			isa = XCBuildConfiguration;
			buildSettings = {
				ALWAYS_EMBED_SWIFT_STANDARD_LIBRARIES = YES;
				BUNDLE_LOADER = "$(TEST_HOST)";
				CODE_SIGN_STYLE = Automatic;
				INFOPLIST_FILE = projetoCapilArtTests/Info.plist;
				LD_RUNPATH_SEARCH_PATHS = (
					"$(inherited)",
					"@executable_path/Frameworks",
					"@loader_path/Frameworks",
				);
				PRODUCT_BUNDLE_IDENTIFIER = smd.projetoCapilArtTests;
				PRODUCT_NAME = "$(TARGET_NAME)";
				SWIFT_VERSION = 4.0;
				TARGETED_DEVICE_FAMILY = "1,2";
				TEST_HOST = "$(BUILT_PRODUCTS_DIR)/projetoCapilArt.app/projetoCapilArt";
			};
			name = Release;
		};
		5774F43720DAC8B700B194DF /* Debug */ = {
			isa = XCBuildConfiguration;
			buildSettings = {
				ALWAYS_EMBED_SWIFT_STANDARD_LIBRARIES = YES;
				CODE_SIGN_STYLE = Automatic;
				INFOPLIST_FILE = projetoCapilArtUITests/Info.plist;
				LD_RUNPATH_SEARCH_PATHS = (
					"$(inherited)",
					"@executable_path/Frameworks",
					"@loader_path/Frameworks",
				);
				PRODUCT_BUNDLE_IDENTIFIER = smd.projetoCapilArtUITests;
				PRODUCT_NAME = "$(TARGET_NAME)";
				SWIFT_VERSION = 4.0;
				TARGETED_DEVICE_FAMILY = "1,2";
				TEST_TARGET_NAME = projetoCapilArt;
			};
			name = Debug;
		};
		5774F43820DAC8B700B194DF /* Release */ = {
			isa = XCBuildConfiguration;
			buildSettings = {
				ALWAYS_EMBED_SWIFT_STANDARD_LIBRARIES = YES;
				CODE_SIGN_STYLE = Automatic;
				INFOPLIST_FILE = projetoCapilArtUITests/Info.plist;
				LD_RUNPATH_SEARCH_PATHS = (
					"$(inherited)",
					"@executable_path/Frameworks",
					"@loader_path/Frameworks",
				);
				PRODUCT_BUNDLE_IDENTIFIER = smd.projetoCapilArtUITests;
				PRODUCT_NAME = "$(TARGET_NAME)";
				SWIFT_VERSION = 4.0;
				TARGETED_DEVICE_FAMILY = "1,2";
				TEST_TARGET_NAME = projetoCapilArt;
			};
			name = Release;
		};
/* End XCBuildConfiguration section */

/* Begin XCConfigurationList section */
		5774F40320DAC8B500B194DF /* Build configuration list for PBXProject "projetoCapilArt" */ = {
			isa = XCConfigurationList;
			buildConfigurations = (
				5774F42E20DAC8B700B194DF /* Debug */,
				5774F42F20DAC8B700B194DF /* Release */,
			);
			defaultConfigurationIsVisible = 0;
			defaultConfigurationName = Release;
		};
		5774F43020DAC8B700B194DF /* Build configuration list for PBXNativeTarget "projetoCapilArt" */ = {
			isa = XCConfigurationList;
			buildConfigurations = (
				5774F43120DAC8B700B194DF /* Debug */,
				5774F43220DAC8B700B194DF /* Release */,
			);
			defaultConfigurationIsVisible = 0;
			defaultConfigurationName = Release;
		};
		5774F43320DAC8B700B194DF /* Build configuration list for PBXNativeTarget "projetoCapilArtTests" */ = {
			isa = XCConfigurationList;
			buildConfigurations = (
				5774F43420DAC8B700B194DF /* Debug */,
				5774F43520DAC8B700B194DF /* Release */,
			);
			defaultConfigurationIsVisible = 0;
			defaultConfigurationName = Release;
		};
		5774F43620DAC8B700B194DF /* Build configuration list for PBXNativeTarget "projetoCapilArtUITests" */ = {
			isa = XCConfigurationList;
			buildConfigurations = (
				5774F43720DAC8B700B194DF /* Debug */,
				5774F43820DAC8B700B194DF /* Release */,
			);
			defaultConfigurationIsVisible = 0;
			defaultConfigurationName = Release;
		};
/* End XCConfigurationList section */
	};
	rootObject = 5774F40020DAC8B500B194DF /* Project object */;
}
